
Microsoft Visual Studio Solution File, Format Version 12.00
# Visual Studio Version 17
VisualStudioVersion = 17.5.33424.131
MinimumVisualStudioVersion = 10.0.40219.1
Project("{9A19103F-16F7-4668-BE54-9A1E7A4F7556}") = "Repository", "Repository\Repository.csproj", "{01249789-94D6-4FBF-B87D-0C1908C9FB1B}"
EndProject
Project("{9A19103F-16F7-4668-BE54-9A1E7A4F7556}") = "SqlRepository_CodeFirst", "SqlRepository_CodeFirst\SqlRepository_CodeFirst.csproj", "{707F7FF1-6379-4F52-9F50-9734785516B8}"
EndProject
Project("{9A19103F-16F7-4668-BE54-9A1E7A4F7556}") = "TestConfigRunner", "TestConfigRunner\TestConfigRunner.csproj", "{57E55017-5106-4DA9-87BE-66533325641C}"
EndProject
Project("{9A19103F-16F7-4668-BE54-9A1E7A4F7556}") = "JsonRepository", "JsonRepository\JsonRepository.csproj", "{1F2BCE7A-072D-4207-864B-B42CAF4901B7}"
EndProject
Project("{9A19103F-16F7-4668-BE54-9A1E7A4F7556}") = "XmlRepository", "XmlRepository\XmlRepository.csproj", "{B10F59CF-353A-40CF-8623-7B6A7816DD3A}"
EndProject
Project("{9A19103F-16F7-4668-BE54-9A1E7A4F7556}") = "SqlRepository_DbFirst", "SqlRepository_DbFirst\SqlRepository_DbFirst.csproj", "{426788AA-E60E-4DC1-9CF8-20750B6A8A09}"
EndProject
Project("{FAE04EC0-301F-11D3-BF4B-00C04F79EFBC}") = "SqlRepository_AdoNet", "SqlRepository_AdoNet\SqlRepository_AdoNet.csproj", "{35087011-85B9-4145-B981-7AA2A0F82607}"
EndProject
Global
	GlobalSection(SolutionConfigurationPlatforms) = preSolution
		Debug|Any CPU = Debug|Any CPU
		Release|Any CPU = Release|Any CPU
	EndGlobalSection
	GlobalSection(ProjectConfigurationPlatforms) = postSolution
		{01249789-94D6-4FBF-B87D-0C1908C9FB1B}.Debug|Any CPU.ActiveCfg = Debug|Any CPU
		{01249789-94D6-4FBF-B87D-0C1908C9FB1B}.Debug|Any CPU.Build.0 = Debug|Any CPU
		{01249789-94D6-4FBF-B87D-0C1908C9FB1B}.Release|Any CPU.ActiveCfg = Release|Any CPU
		{01249789-94D6-4FBF-B87D-0C1908C9FB1B}.Release|Any CPU.Build.0 = Release|Any CPU
		{707F7FF1-6379-4F52-9F50-9734785516B8}.Debug|Any CPU.ActiveCfg = Debug|Any CPU
		{707F7FF1-6379-4F52-9F50-9734785516B8}.Debug|Any CPU.Build.0 = Debug|Any CPU
		{707F7FF1-6379-4F52-9F50-9734785516B8}.Release|Any CPU.ActiveCfg = Release|Any CPU
		{707F7FF1-6379-4F52-9F50-9734785516B8}.Release|Any CPU.Build.0 = Release|Any CPU
		{57E55017-5106-4DA9-87BE-66533325641C}.Debug|Any CPU.ActiveCfg = Debug|Any CPU
		{57E55017-5106-4DA9-87BE-66533325641C}.Debug|Any CPU.Build.0 = Debug|Any CPU
		{57E55017-5106-4DA9-87BE-66533325641C}.Release|Any CPU.ActiveCfg = Release|Any CPU
		{57E55017-5106-4DA9-87BE-66533325641C}.Release|Any CPU.Build.0 = Release|Any CPU
		{1F2BCE7A-072D-4207-864B-B42CAF4901B7}.Debug|Any CPU.ActiveCfg = Debug|Any CPU
		{1F2BCE7A-072D-4207-864B-B42CAF4901B7}.Debug|Any CPU.Build.0 = Debug|Any CPU
		{1F2BCE7A-072D-4207-864B-B42CAF4901B7}.Release|Any CPU.ActiveCfg = Release|Any CPU
		{1F2BCE7A-072D-4207-864B-B42CAF4901B7}.Release|Any CPU.Build.0 = Release|Any CPU
		{B10F59CF-353A-40CF-8623-7B6A7816DD3A}.Debug|Any CPU.ActiveCfg = Debug|Any CPU
		{B10F59CF-353A-40CF-8623-7B6A7816DD3A}.Debug|Any CPU.Build.0 = Debug|Any CPU
		{B10F59CF-353A-40CF-8623-7B6A7816DD3A}.Release|Any CPU.ActiveCfg = Release|Any CPU
		{B10F59CF-353A-40CF-8623-7B6A7816DD3A}.Release|Any CPU.Build.0 = Release|Any CPU
		{426788AA-E60E-4DC1-9CF8-20750B6A8A09}.Debug|Any CPU.ActiveCfg = Debug|Any CPU
		{426788AA-E60E-4DC1-9CF8-20750B6A8A09}.Debug|Any CPU.Build.0 = Debug|Any CPU
		{426788AA-E60E-4DC1-9CF8-20750B6A8A09}.Release|Any CPU.ActiveCfg = Release|Any CPU
		{426788AA-E60E-4DC1-9CF8-20750B6A8A09}.Release|Any CPU.Build.0 = Release|Any CPU
		{35087011-85B9-4145-B981-7AA2A0F82607}.Debug|Any CPU.ActiveCfg = Debug|Any CPU
		{35087011-85B9-4145-B981-7AA2A0F82607}.Debug|Any CPU.Build.0 = Debug|Any CPU
		{35087011-85B9-4145-B981-7AA2A0F82607}.Release|Any CPU.ActiveCfg = Release|Any CPU
		{35087011-85B9-4145-B981-7AA2A0F82607}.Release|Any CPU.Build.0 = Release|Any CPU
	EndGlobalSection
	GlobalSection(SolutionProperties) = preSolution
		HideSolutionNode = FALSE
	EndGlobalSection
	GlobalSection(ExtensibilityGlobals) = postSolution
		SolutionGuid = {0B7F5FC1-E7C0-4749-B342-5BA7335AF7A2}
	EndGlobalSection
EndGlobal
